
Microsoft Visual Studio Solution File, Format Version 12.00
# Visual Studio Version 16
VisualStudioVersion = 16.0.30114.105
MinimumVisualStudioVersion = 10.0.40219.1
Project("{8BC9CEB8-8B4A-11D0-8D11-00A0C91BC942}") = "迷路抜け出す", "迷路抜け出す\迷路抜け出す.vcxproj", "{35C86E31-CCDF-4296-B4E1-A3C1E9FEFAD6}"
EndProject
Global
	GlobalSection(SolutionConfigurationPlatforms) = preSolution
		Debug|x64 = Debug|x64
		Debug|x86 = Debug|x86
		Release|x64 = Release|x64
		Release|x86 = Release|x86
	EndGlobalSection
	GlobalSection(ProjectConfigurationPlatforms) = postSolution
		{35C86E31-CCDF-4296-B4E1-A3C1E9FEFAD6}.Debug|x64.ActiveCfg = Debug|x64
		{35C86E31-CCDF-4296-B4E1-A3C1E9FEFAD6}.Debug|x64.Build.0 = Debug|x64
		{35C86E31-CCDF-4296-B4E1-A3C1E9FEFAD6}.Debug|x86.ActiveCfg = Debug|Win32
		{35C86E31-CCDF-4296-B4E1-A3C1E9FEFAD6}.Debug|x86.Build.0 = Debug|Win32
		{35C86E31-CCDF-4296-B4E1-A3C1E9FEFAD6}.Release|x64.ActiveCfg = Release|x64
		{35C86E31-CCDF-4296-B4E1-A3C1E9FEFAD6}.Release|x64.Build.0 = Release|x64
		{35C86E31-CCDF-4296-B4E1-A3C1E9FEFAD6}.Release|x86.ActiveCfg = Release|Win32
		{35C86E31-CCDF-4296-B4E1-A3C1E9FEFAD6}.Release|x86.Build.0 = Release|Win32
	EndGlobalSection
	GlobalSection(SolutionProperties) = preSolution
		HideSolutionNode = FALSE
	EndGlobalSection
	GlobalSection(ExtensibilityGlobals) = postSolution
		SolutionGuid = {A7967672-220F-4497-A4A4-58EA7E6A6BFF}
	EndGlobalSection
EndGlobal
